// !$*UTF8*$!
{
	archiveVersion = 1;
	classes = {
	};
	objectVersion = 46;
	objects = {

/* Begin PBXBuildFile section */
		33153E191CD6CBFF0012AEF7 /* Colors.swift in Sources */ = {isa = PBXBuildFile; fileRef = 33153E181CD6CBFF0012AEF7 /* Colors.swift */; };
		3382A0AA1CD9B09D00C2A3F3 /* Family.swift in Sources */ = {isa = PBXBuildFile; fileRef = 3382A0A91CD9B09D00C2A3F3 /* Family.swift */; };
		3382A0AC1CD9B0AD00C2A3F3 /* Topic.swift in Sources */ = {isa = PBXBuildFile; fileRef = 3382A0AB1CD9B0AD00C2A3F3 /* Topic.swift */; };
		3382A0AE1CD9B0EC00C2A3F3 /* Image.swift in Sources */ = {isa = PBXBuildFile; fileRef = 3382A0AD1CD9B0EC00C2A3F3 /* Image.swift */; };
		3382A0B01CD9B11900C2A3F3 /* User.swift in Sources */ = {isa = PBXBuildFile; fileRef = 3382A0AF1CD9B11900C2A3F3 /* User.swift */; };
		339538A21CD0C7380094AB46 /* libART.a in Frameworks */ = {isa = PBXBuildFile; fileRef = 339538A01CD0C6AB0094AB46 /* libART.a */; };
		339538AC1CD135EA0094AB46 /* libRCTCamera.a in Frameworks */ = {isa = PBXBuildFile; fileRef = 339538AB1CD135DC0094AB46 /* libRCTCamera.a */; };
		339538B71CD13E470094AB46 /* libRNImagePicker.a in Frameworks */ = {isa = PBXBuildFile; fileRef = 339538B61CD13E3B0094AB46 /* libRNImagePicker.a */; };
		339538C01CD151960094AB46 /* libRNUploader.a in Frameworks */ = {isa = PBXBuildFile; fileRef = 339538BF1CD151830094AB46 /* libRNUploader.a */; };
		650E1C7A1CCC2F28002C69DC /* AppDelegate.swift in Sources */ = {isa = PBXBuildFile; fileRef = 650E1C791CCC2F28002C69DC /* AppDelegate.swift */; };
		650E1C7C1CCC2F28002C69DC /* ViewController.swift in Sources */ = {isa = PBXBuildFile; fileRef = 650E1C7B1CCC2F28002C69DC /* ViewController.swift */; };
		650E1C7F1CCC2F28002C69DC /* Main.storyboard in Resources */ = {isa = PBXBuildFile; fileRef = 650E1C7D1CCC2F28002C69DC /* Main.storyboard */; };
		650E1C821CCC2F28002C69DC /* FamJam.xcdatamodeld in Sources */ = {isa = PBXBuildFile; fileRef = 650E1C801CCC2F28002C69DC /* FamJam.xcdatamodeld */; };
		650E1C841CCC2F28002C69DC /* Assets.xcassets in Resources */ = {isa = PBXBuildFile; fileRef = 650E1C831CCC2F28002C69DC /* Assets.xcassets */; };
		650E1C871CCC2F28002C69DC /* LaunchScreen.storyboard in Resources */ = {isa = PBXBuildFile; fileRef = 650E1C851CCC2F28002C69DC /* LaunchScreen.storyboard */; };
		650E1C921CCC2F28002C69DC /* FamJamTests.swift in Sources */ = {isa = PBXBuildFile; fileRef = 650E1C911CCC2F28002C69DC /* FamJamTests.swift */; };
		650E1C9D1CCC2F28002C69DC /* FamJamUITests.swift in Sources */ = {isa = PBXBuildFile; fileRef = 650E1C9C1CCC2F28002C69DC /* FamJamUITests.swift */; };
		650E1CAD1CCC3109002C69DC /* FrontPageViewController.swift in Sources */ = {isa = PBXBuildFile; fileRef = 650E1CAC1CCC3109002C69DC /* FrontPageViewController.swift */; };
		650E1CB31CCC360C002C69DC /* PhotoCollectionViewCell.swift in Sources */ = {isa = PBXBuildFile; fileRef = 650E1CB21CCC360C002C69DC /* PhotoCollectionViewCell.swift */; };
		650E1CB51CCC3AF6002C69DC /* PhotoDetailViewController.swift in Sources */ = {isa = PBXBuildFile; fileRef = 650E1CB41CCC3AF6002C69DC /* PhotoDetailViewController.swift */; };
		650E1CB71CCC4615002C69DC /* NewHomePageViewController.swift in Sources */ = {isa = PBXBuildFile; fileRef = 650E1CB61CCC4615002C69DC /* NewHomePageViewController.swift */; };
		65173BE71CCF1AF800F5A028 /* AllPhotosCollectionViewCell.swift in Sources */ = {isa = PBXBuildFile; fileRef = 65173BE61CCF1AF800F5A028 /* AllPhotosCollectionViewCell.swift */; };
		651D90851CD2E5BB006E8CBB /* AnonymousApiService.swift in Sources */ = {isa = PBXBuildFile; fileRef = 651D90821CD2E5BB006E8CBB /* AnonymousApiService.swift */; };
		651D90861CD2E5BB006E8CBB /* AuthenticatedApiService.swift in Sources */ = {isa = PBXBuildFile; fileRef = 651D90831CD2E5BB006E8CBB /* AuthenticatedApiService.swift */; };
		651D90871CD2E5BB006E8CBB /* BaseApiService.swift in Sources */ = {isa = PBXBuildFile; fileRef = 651D90841CD2E5BB006E8CBB /* BaseApiService.swift */; };
		65434D251CCEC3C500B73C60 /* FamilyDashboardViewController.swift in Sources */ = {isa = PBXBuildFile; fileRef = 65434D241CCEC3C500B73C60 /* FamilyDashboardViewController.swift */; };
		65434D271CCEC6BB00B73C60 /* FamilyTableViewCell.swift in Sources */ = {isa = PBXBuildFile; fileRef = 65434D261CCEC6BB00B73C60 /* FamilyTableViewCell.swift */; };
		6546CB071CCD90E400BEEA54 /* HomePageTabBarViewController.swift in Sources */ = {isa = PBXBuildFile; fileRef = 6546CB061CCD90E400BEEA54 /* HomePageTabBarViewController.swift */; };
		6546CB091CCD970100BEEA54 /* AlbumHeaderCollectionReusableView.swift in Sources */ = {isa = PBXBuildFile; fileRef = 6546CB081CCD970100BEEA54 /* AlbumHeaderCollectionReusableView.swift */; };
		6546CB0B1CCD9BB800BEEA54 /* Utilities.swift in Sources */ = {isa = PBXBuildFile; fileRef = 6546CB0A1CCD9BB800BEEA54 /* Utilities.swift */; };
		6546CB111CCDAE1D00BEEA54 /* AllPhotosViewController.swift in Sources */ = {isa = PBXBuildFile; fileRef = 6546CB101CCDAE1D00BEEA54 /* AllPhotosViewController.swift */; };
		6546CB131CCDAE8600BEEA54 /* SavingPhotoViewController.swift in Sources */ = {isa = PBXBuildFile; fileRef = 6546CB121CCDAE8600BEEA54 /* SavingPhotoViewController.swift */; };
		65C4D5671CD46B0000ED8DBC /* NewTopicViewController.swift in Sources */ = {isa = PBXBuildFile; fileRef = 65C4D5661CD46B0000ED8DBC /* NewTopicViewController.swift */; };
		65FD563D1CD338CC009C9E98 /* NewUserViewController.swift in Sources */ = {isa = PBXBuildFile; fileRef = 65FD563C1CD338CC009C9E98 /* NewUserViewController.swift */; };
		65FD56441CD338E7009C9E98 /* EditUserViewController.swift in Sources */ = {isa = PBXBuildFile; fileRef = 65FD56431CD338E7009C9E98 /* EditUserViewController.swift */; };
		9B336C4EE24947E8776D17AB /* Pods_FamJam.framework in Frameworks */ = {isa = PBXBuildFile; fileRef = 8DB12F18EFB86D522592B570 /* Pods_FamJam.framework */; };
/* End PBXBuildFile section */

/* Begin PBXContainerItemProxy section */
		3395389F1CD0C6AB0094AB46 /* PBXContainerItemProxy */ = {
			isa = PBXContainerItemProxy;
			containerPortal = 3395389B1CD0C6AB0094AB46 /* ART.xcodeproj */;
			proxyType = 2;
			remoteGlobalIDString = 0CF68AC11AF0540F00FF9E5C;
			remoteInfo = ART;
		};
		339538AA1CD135DC0094AB46 /* PBXContainerItemProxy */ = {
			isa = PBXContainerItemProxy;
			containerPortal = 339538A51CD135DB0094AB46 /* RCTCamera.xcodeproj */;
			proxyType = 2;
			remoteGlobalIDString = 4107012F1ACB723B00C6AA39;
			remoteInfo = RCTCamera;
		};
		339538B51CD13E3B0094AB46 /* PBXContainerItemProxy */ = {
			isa = PBXContainerItemProxy;
			containerPortal = 339538AF1CD13E3B0094AB46 /* RNImagePicker.xcodeproj */;
			proxyType = 2;
			remoteGlobalIDString = 014A3B5C1C6CF33500B6D375;
			remoteInfo = RNImagePicker;
		};
		339538BE1CD151830094AB46 /* PBXContainerItemProxy */ = {
			isa = PBXContainerItemProxy;
			containerPortal = 339538BA1CD151830094AB46 /* RNUploader.xcodeproj */;
			proxyType = 2;
			remoteGlobalIDString = 134814201AA4EA6300B7C361;
			remoteInfo = RNUploader;
		};
		33F3845B1CD2122900EF7C8D /* PBXContainerItemProxy */ = {
			isa = PBXContainerItemProxy;
			containerPortal = 33F384521CD2122700EF7C8D /* CodePush.xcodeproj */;
			proxyType = 2;
			remoteGlobalIDString = 134814201AA4EA6300B7C361;
			remoteInfo = CodePush;
		};
		650E1C8E1CCC2F28002C69DC /* PBXContainerItemProxy */ = {
			isa = PBXContainerItemProxy;
			containerPortal = 650E1C6E1CCC2F28002C69DC /* Project object */;
			proxyType = 1;
			remoteGlobalIDString = 650E1C751CCC2F28002C69DC;
			remoteInfo = FamJam;
		};
		650E1C991CCC2F28002C69DC /* PBXContainerItemProxy */ = {
			isa = PBXContainerItemProxy;
			containerPortal = 650E1C6E1CCC2F28002C69DC /* Project object */;
			proxyType = 1;
			remoteGlobalIDString = 650E1C751CCC2F28002C69DC;
			remoteInfo = FamJam;
		};
/* End PBXContainerItemProxy section */

/* Begin PBXFileReference section */
		24FADB32D4772F8C0FC94045 /* Pods-FamJam.release.xcconfig */ = {isa = PBXFileReference; includeInIndex = 1; lastKnownFileType = text.xcconfig; name = "Pods-FamJam.release.xcconfig"; path = "Pods/Target Support Files/Pods-FamJam/Pods-FamJam.release.xcconfig"; sourceTree = "<group>"; };
		33153E181CD6CBFF0012AEF7 /* Colors.swift */ = {isa = PBXFileReference; fileEncoding = 4; lastKnownFileType = sourcecode.swift; path = Colors.swift; sourceTree = "<group>"; };
		3382A0A91CD9B09D00C2A3F3 /* Family.swift */ = {isa = PBXFileReference; fileEncoding = 4; lastKnownFileType = sourcecode.swift; name = Family.swift; path = Services/Models/Family.swift; sourceTree = "<group>"; };
		3382A0AB1CD9B0AD00C2A3F3 /* Topic.swift */ = {isa = PBXFileReference; fileEncoding = 4; lastKnownFileType = sourcecode.swift; name = Topic.swift; path = Services/Models/Topic.swift; sourceTree = "<group>"; };
		3382A0AD1CD9B0EC00C2A3F3 /* Image.swift */ = {isa = PBXFileReference; fileEncoding = 4; lastKnownFileType = sourcecode.swift; name = Image.swift; path = Services/Models/Image.swift; sourceTree = "<group>"; };
		3382A0AF1CD9B11900C2A3F3 /* User.swift */ = {isa = PBXFileReference; fileEncoding = 4; lastKnownFileType = sourcecode.swift; name = User.swift; path = Services/Models/User.swift; sourceTree = "<group>"; };
		339538961CD0BCAB0094AB46 /* android */ = {isa = PBXFileReference; lastKnownFileType = folder; name = android; path = "node_modules/react-native/android"; sourceTree = "<group>"; };
		3395389B1CD0C6AB0094AB46 /* ART.xcodeproj */ = {isa = PBXFileReference; lastKnownFileType = "wrapper.pb-project"; name = ART.xcodeproj; path = "node_modules/react-native/Libraries/ART/ART.xcodeproj"; sourceTree = SOURCE_ROOT; };
		339538A51CD135DB0094AB46 /* RCTCamera.xcodeproj */ = {isa = PBXFileReference; lastKnownFileType = "wrapper.pb-project"; name = RCTCamera.xcodeproj; path = "node_modules/react-native-camera/ios/RCTCamera.xcodeproj"; sourceTree = SOURCE_ROOT; };
		339538AF1CD13E3B0094AB46 /* RNImagePicker.xcodeproj */ = {isa = PBXFileReference; lastKnownFileType = "wrapper.pb-project"; name = RNImagePicker.xcodeproj; path = "node_modules/react-native-image-picker/ios/RNImagePicker.xcodeproj"; sourceTree = SOURCE_ROOT; };
		339538BA1CD151830094AB46 /* RNUploader.xcodeproj */ = {isa = PBXFileReference; lastKnownFileType = "wrapper.pb-project"; name = RNUploader.xcodeproj; path = "node_modules/react-native-uploader/RNUploader/RNUploader.xcodeproj"; sourceTree = SOURCE_ROOT; };
		33F3844D1CD210E700EF7C8D /* BridgingHeader.h */ = {isa = PBXFileReference; lastKnownFileType = sourcecode.c.h; path = BridgingHeader.h; sourceTree = "<group>"; };
		33F384521CD2122700EF7C8D /* CodePush.xcodeproj */ = {isa = PBXFileReference; lastKnownFileType = "wrapper.pb-project"; name = CodePush.xcodeproj; path = "../node_modules/react-native-code-push/ios/CodePush.xcodeproj"; sourceTree = "<group>"; };
		3A1476206C6AAB4150E8559C /* Pods-FamJam.debug.xcconfig */ = {isa = PBXFileReference; includeInIndex = 1; lastKnownFileType = text.xcconfig; name = "Pods-FamJam.debug.xcconfig"; path = "Pods/Target Support Files/Pods-FamJam/Pods-FamJam.debug.xcconfig"; sourceTree = "<group>"; };
		650E1C761CCC2F28002C69DC /* FamJam.app */ = {isa = PBXFileReference; explicitFileType = wrapper.application; includeInIndex = 0; path = FamJam.app; sourceTree = BUILT_PRODUCTS_DIR; };
		650E1C791CCC2F28002C69DC /* AppDelegate.swift */ = {isa = PBXFileReference; lastKnownFileType = sourcecode.swift; path = AppDelegate.swift; sourceTree = "<group>"; };
		650E1C7B1CCC2F28002C69DC /* ViewController.swift */ = {isa = PBXFileReference; lastKnownFileType = sourcecode.swift; path = ViewController.swift; sourceTree = "<group>"; };
		650E1C7E1CCC2F28002C69DC /* Base */ = {isa = PBXFileReference; lastKnownFileType = file.storyboard; name = Base; path = Base.lproj/Main.storyboard; sourceTree = "<group>"; };
		650E1C811CCC2F28002C69DC /* FamJam.xcdatamodel */ = {isa = PBXFileReference; lastKnownFileType = wrapper.xcdatamodel; path = FamJam.xcdatamodel; sourceTree = "<group>"; };
		650E1C831CCC2F28002C69DC /* Assets.xcassets */ = {isa = PBXFileReference; lastKnownFileType = folder.assetcatalog; path = Assets.xcassets; sourceTree = "<group>"; };
		650E1C861CCC2F28002C69DC /* Base */ = {isa = PBXFileReference; lastKnownFileType = file.storyboard; name = Base; path = Base.lproj/LaunchScreen.storyboard; sourceTree = "<group>"; };
		650E1C881CCC2F28002C69DC /* Info.plist */ = {isa = PBXFileReference; lastKnownFileType = text.plist.xml; path = Info.plist; sourceTree = "<group>"; };
		650E1C8D1CCC2F28002C69DC /* FamJamTests.xctest */ = {isa = PBXFileReference; explicitFileType = wrapper.cfbundle; includeInIndex = 0; path = FamJamTests.xctest; sourceTree = BUILT_PRODUCTS_DIR; };
		650E1C911CCC2F28002C69DC /* FamJamTests.swift */ = {isa = PBXFileReference; lastKnownFileType = sourcecode.swift; path = FamJamTests.swift; sourceTree = "<group>"; };
		650E1C931CCC2F28002C69DC /* Info.plist */ = {isa = PBXFileReference; lastKnownFileType = text.plist.xml; path = Info.plist; sourceTree = "<group>"; };
		650E1C981CCC2F28002C69DC /* FamJamUITests.xctest */ = {isa = PBXFileReference; explicitFileType = wrapper.cfbundle; includeInIndex = 0; path = FamJamUITests.xctest; sourceTree = BUILT_PRODUCTS_DIR; };
		650E1C9C1CCC2F28002C69DC /* FamJamUITests.swift */ = {isa = PBXFileReference; lastKnownFileType = sourcecode.swift; path = FamJamUITests.swift; sourceTree = "<group>"; };
		650E1C9E1CCC2F28002C69DC /* Info.plist */ = {isa = PBXFileReference; lastKnownFileType = text.plist.xml; path = Info.plist; sourceTree = "<group>"; };
		650E1CAC1CCC3109002C69DC /* FrontPageViewController.swift */ = {isa = PBXFileReference; fileEncoding = 4; lastKnownFileType = sourcecode.swift; name = FrontPageViewController.swift; path = ../FrontPageViewController.swift; sourceTree = "<group>"; };
		650E1CB21CCC360C002C69DC /* PhotoCollectionViewCell.swift */ = {isa = PBXFileReference; fileEncoding = 4; lastKnownFileType = sourcecode.swift; path = PhotoCollectionViewCell.swift; sourceTree = "<group>"; };
		650E1CB41CCC3AF6002C69DC /* PhotoDetailViewController.swift */ = {isa = PBXFileReference; fileEncoding = 4; lastKnownFileType = sourcecode.swift; path = PhotoDetailViewController.swift; sourceTree = "<group>"; };
		650E1CB61CCC4615002C69DC /* NewHomePageViewController.swift */ = {isa = PBXFileReference; fileEncoding = 4; lastKnownFileType = sourcecode.swift; path = NewHomePageViewController.swift; sourceTree = "<group>"; };
		65173BE61CCF1AF800F5A028 /* AllPhotosCollectionViewCell.swift */ = {isa = PBXFileReference; fileEncoding = 4; lastKnownFileType = sourcecode.swift; path = AllPhotosCollectionViewCell.swift; sourceTree = "<group>"; };
		651D90821CD2E5BB006E8CBB /* AnonymousApiService.swift */ = {isa = PBXFileReference; fileEncoding = 4; lastKnownFileType = sourcecode.swift; name = AnonymousApiService.swift; path = Services/AnonymousApiService.swift; sourceTree = "<group>"; };
		651D90831CD2E5BB006E8CBB /* AuthenticatedApiService.swift */ = {isa = PBXFileReference; fileEncoding = 4; lastKnownFileType = sourcecode.swift; name = AuthenticatedApiService.swift; path = Services/AuthenticatedApiService.swift; sourceTree = "<group>"; };
		651D90841CD2E5BB006E8CBB /* BaseApiService.swift */ = {isa = PBXFileReference; fileEncoding = 4; lastKnownFileType = sourcecode.swift; name = BaseApiService.swift; path = Services/BaseApiService.swift; sourceTree = "<group>"; };
		65434D241CCEC3C500B73C60 /* FamilyDashboardViewController.swift */ = {isa = PBXFileReference; fileEncoding = 4; lastKnownFileType = sourcecode.swift; path = FamilyDashboardViewController.swift; sourceTree = "<group>"; };
		65434D261CCEC6BB00B73C60 /* FamilyTableViewCell.swift */ = {isa = PBXFileReference; fileEncoding = 4; lastKnownFileType = sourcecode.swift; path = FamilyTableViewCell.swift; sourceTree = "<group>"; };
		6546CB061CCD90E400BEEA54 /* HomePageTabBarViewController.swift */ = {isa = PBXFileReference; fileEncoding = 4; lastKnownFileType = sourcecode.swift; path = HomePageTabBarViewController.swift; sourceTree = "<group>"; };
		6546CB081CCD970100BEEA54 /* AlbumHeaderCollectionReusableView.swift */ = {isa = PBXFileReference; fileEncoding = 4; lastKnownFileType = sourcecode.swift; path = AlbumHeaderCollectionReusableView.swift; sourceTree = "<group>"; };
		6546CB0A1CCD9BB800BEEA54 /* Utilities.swift */ = {isa = PBXFileReference; fileEncoding = 4; lastKnownFileType = sourcecode.swift; path = Utilities.swift; sourceTree = "<group>"; };
		6546CB101CCDAE1D00BEEA54 /* AllPhotosViewController.swift */ = {isa = PBXFileReference; fileEncoding = 4; lastKnownFileType = sourcecode.swift; name = AllPhotosViewController.swift; path = ../AllPhotosViewController.swift; sourceTree = "<group>"; };
		6546CB121CCDAE8600BEEA54 /* SavingPhotoViewController.swift */ = {isa = PBXFileReference; fileEncoding = 4; lastKnownFileType = sourcecode.swift; path = SavingPhotoViewController.swift; sourceTree = "<group>"; };
		65C4D5661CD46B0000ED8DBC /* NewTopicViewController.swift */ = {isa = PBXFileReference; fileEncoding = 4; lastKnownFileType = sourcecode.swift; path = NewTopicViewController.swift; sourceTree = "<group>"; };
		65FD563C1CD338CC009C9E98 /* NewUserViewController.swift */ = {isa = PBXFileReference; fileEncoding = 4; lastKnownFileType = sourcecode.swift; path = NewUserViewController.swift; sourceTree = "<group>"; };
		65FD56431CD338E7009C9E98 /* EditUserViewController.swift */ = {isa = PBXFileReference; fileEncoding = 4; lastKnownFileType = sourcecode.swift; path = EditUserViewController.swift; sourceTree = "<group>"; };
		8DB12F18EFB86D522592B570 /* Pods_FamJam.framework */ = {isa = PBXFileReference; explicitFileType = wrapper.framework; includeInIndex = 0; path = Pods_FamJam.framework; sourceTree = BUILT_PRODUCTS_DIR; };
/* End PBXFileReference section */

/* Begin PBXFrameworksBuildPhase section */
		650E1C731CCC2F28002C69DC /* Frameworks */ = {
			isa = PBXFrameworksBuildPhase;
			buildActionMask = 2147483647;
			files = (
				339538C01CD151960094AB46 /* libRNUploader.a in Frameworks */,
				339538B71CD13E470094AB46 /* libRNImagePicker.a in Frameworks */,
				339538AC1CD135EA0094AB46 /* libRCTCamera.a in Frameworks */,
				339538A21CD0C7380094AB46 /* libART.a in Frameworks */,
				9B336C4EE24947E8776D17AB /* Pods_FamJam.framework in Frameworks */,
			);
			runOnlyForDeploymentPostprocessing = 0;
		};
		650E1C8A1CCC2F28002C69DC /* Frameworks */ = {
			isa = PBXFrameworksBuildPhase;
			buildActionMask = 2147483647;
			files = (
			);
			runOnlyForDeploymentPostprocessing = 0;
		};
		650E1C951CCC2F28002C69DC /* Frameworks */ = {
			isa = PBXFrameworksBuildPhase;
			buildActionMask = 2147483647;
			files = (
			);
			runOnlyForDeploymentPostprocessing = 0;
		};
/* End PBXFrameworksBuildPhase section */

/* Begin PBXGroup section */
		23DB5E7FDAE37D8B80274A76 /* Pods */ = {
			isa = PBXGroup;
			children = (
				3A1476206C6AAB4150E8559C /* Pods-FamJam.debug.xcconfig */,
				24FADB32D4772F8C0FC94045 /* Pods-FamJam.release.xcconfig */,
			);
			name = Pods;
			sourceTree = "<group>";
		};
		3382A0A81CD9B08800C2A3F3 /* Models */ = {
			isa = PBXGroup;
			children = (
				3382A0A91CD9B09D00C2A3F3 /* Family.swift */,
				3382A0AB1CD9B0AD00C2A3F3 /* Topic.swift */,
				3382A0AD1CD9B0EC00C2A3F3 /* Image.swift */,
				3382A0AF1CD9B11900C2A3F3 /* User.swift */,
			);
			name = Models;
			sourceTree = "<group>";
		};
		3395389A1CD0C6870094AB46 /* Libraries */ = {
			isa = PBXGroup;
			children = (
				33F384521CD2122700EF7C8D /* CodePush.xcodeproj */,
				339538BA1CD151830094AB46 /* RNUploader.xcodeproj */,
				339538AF1CD13E3B0094AB46 /* RNImagePicker.xcodeproj */,
				339538A51CD135DB0094AB46 /* RCTCamera.xcodeproj */,
				3395389B1CD0C6AB0094AB46 /* ART.xcodeproj */,
			);
			name = Libraries;
			path = FamJam;
			sourceTree = "<group>";
		};
		3395389C1CD0C6AB0094AB46 /* Products */ = {
			isa = PBXGroup;
			children = (
				339538A01CD0C6AB0094AB46 /* libART.a */,
			);
			name = Products;
			sourceTree = "<group>";
		};
		339538A61CD135DB0094AB46 /* Products */ = {
			isa = PBXGroup;
			children = (
				339538AB1CD135DC0094AB46 /* libRCTCamera.a */,
			);
			name = Products;
			sourceTree = "<group>";
		};
		339538B01CD13E3B0094AB46 /* Products */ = {
			isa = PBXGroup;
			children = (
				339538B61CD13E3B0094AB46 /* libRNImagePicker.a */,
			);
			name = Products;
			sourceTree = "<group>";
		};
		339538BB1CD151830094AB46 /* Products */ = {
			isa = PBXGroup;
			children = (
				339538BF1CD151830094AB46 /* libRNUploader.a */,
			);
			name = Products;
			sourceTree = "<group>";
		};
		33F384581CD2122900EF7C8D /* Products */ = {
			isa = PBXGroup;
			children = (
				33F3845C1CD2122900EF7C8D /* libCodePush.a */,
			);
			name = Products;
			sourceTree = "<group>";
		};
		3817A65E813B3B92CC1B063B /* Frameworks */ = {
			isa = PBXGroup;
			children = (
				339538961CD0BCAB0094AB46 /* android */,
				8DB12F18EFB86D522592B570 /* Pods_FamJam.framework */,
			);
			name = Frameworks;
			sourceTree = "<group>";
		};
		650E1C6D1CCC2F28002C69DC = {
			isa = PBXGroup;
			children = (
				3395389A1CD0C6870094AB46 /* Libraries */,
				650E1C781CCC2F28002C69DC /* FamJam */,
				650E1C901CCC2F28002C69DC /* FamJamTests */,
				650E1C9B1CCC2F28002C69DC /* FamJamUITests */,
				650E1C771CCC2F28002C69DC /* Products */,
				23DB5E7FDAE37D8B80274A76 /* Pods */,
				3817A65E813B3B92CC1B063B /* Frameworks */,
			);
			sourceTree = "<group>";
		};
		650E1C771CCC2F28002C69DC /* Products */ = {
			isa = PBXGroup;
			children = (
				650E1C761CCC2F28002C69DC /* FamJam.app */,
				650E1C8D1CCC2F28002C69DC /* FamJamTests.xctest */,
				650E1C981CCC2F28002C69DC /* FamJamUITests.xctest */,
			);
			name = Products;
			sourceTree = "<group>";
		};
		650E1C781CCC2F28002C69DC /* FamJam */ = {
			isa = PBXGroup;
			children = (
				33153E181CD6CBFF0012AEF7 /* Colors.swift */,
				651D908D1CD2E5C6006E8CBB /* Services */,
				6546CB101CCDAE1D00BEEA54 /* AllPhotosViewController.swift */,
				6546CB121CCDAE8600BEEA54 /* SavingPhotoViewController.swift */,
				650E1CAC1CCC3109002C69DC /* FrontPageViewController.swift */,
				650E1C791CCC2F28002C69DC /* AppDelegate.swift */,
				650E1C7B1CCC2F28002C69DC /* ViewController.swift */,
				650E1C7D1CCC2F28002C69DC /* Main.storyboard */,
				65C4D5661CD46B0000ED8DBC /* NewTopicViewController.swift */,
				65FD56431CD338E7009C9E98 /* EditUserViewController.swift */,
				65FD563C1CD338CC009C9E98 /* NewUserViewController.swift */,
				65173BE61CCF1AF800F5A028 /* AllPhotosCollectionViewCell.swift */,
				65434D241CCEC3C500B73C60 /* FamilyDashboardViewController.swift */,
				65434D261CCEC6BB00B73C60 /* FamilyTableViewCell.swift */,
				6546CB061CCD90E400BEEA54 /* HomePageTabBarViewController.swift */,
				650E1CB61CCC4615002C69DC /* NewHomePageViewController.swift */,
				6546CB081CCD970100BEEA54 /* AlbumHeaderCollectionReusableView.swift */,
				6546CB0A1CCD9BB800BEEA54 /* Utilities.swift */,
				650E1CB21CCC360C002C69DC /* PhotoCollectionViewCell.swift */,
				650E1CB41CCC3AF6002C69DC /* PhotoDetailViewController.swift */,
				650E1C831CCC2F28002C69DC /* Assets.xcassets */,
				650E1C851CCC2F28002C69DC /* LaunchScreen.storyboard */,
				650E1C881CCC2F28002C69DC /* Info.plist */,
				650E1C801CCC2F28002C69DC /* FamJam.xcdatamodeld */,
				33F3844D1CD210E700EF7C8D /* BridgingHeader.h */,
			);
			path = FamJam;
			sourceTree = "<group>";
		};
		650E1C901CCC2F28002C69DC /* FamJamTests */ = {
			isa = PBXGroup;
			children = (
				650E1C911CCC2F28002C69DC /* FamJamTests.swift */,
				650E1C931CCC2F28002C69DC /* Info.plist */,
			);
			path = FamJamTests;
			sourceTree = "<group>";
		};
		650E1C9B1CCC2F28002C69DC /* FamJamUITests */ = {
			isa = PBXGroup;
			children = (
				650E1C9C1CCC2F28002C69DC /* FamJamUITests.swift */,
				650E1C9E1CCC2F28002C69DC /* Info.plist */,
			);
			path = FamJamUITests;
			sourceTree = "<group>";
		};
		651D908D1CD2E5C6006E8CBB /* Services */ = {
			isa = PBXGroup;
			children = (
				3382A0A81CD9B08800C2A3F3 /* Models */,
				651D90821CD2E5BB006E8CBB /* AnonymousApiService.swift */,
				651D90831CD2E5BB006E8CBB /* AuthenticatedApiService.swift */,
				651D90841CD2E5BB006E8CBB /* BaseApiService.swift */,
			);
			name = Services;
			sourceTree = "<group>";
		};
/* End PBXGroup section */

/* Begin PBXNativeTarget section */
		650E1C751CCC2F28002C69DC /* FamJam */ = {
			isa = PBXNativeTarget;
			buildConfigurationList = 650E1CA11CCC2F28002C69DC /* Build configuration list for PBXNativeTarget "FamJam" */;
			buildPhases = (
				56B5DC2C18EE00847D751158 /* 📦 Check Pods Manifest.lock */,
				650E1C721CCC2F28002C69DC /* Sources */,
				650E1C731CCC2F28002C69DC /* Frameworks */,
				650E1C741CCC2F28002C69DC /* Resources */,
				E0E8F4AAC89005CF2B6FCC30 /* 📦 Embed Pods Frameworks */,
				BD4DE872642663B222A0B824 /* 📦 Copy Pods Resources */,
			);
			buildRules = (
			);
			dependencies = (
			);
			name = FamJam;
			productName = FamJam;
			productReference = 650E1C761CCC2F28002C69DC /* FamJam.app */;
			productType = "com.apple.product-type.application";
		};
		650E1C8C1CCC2F28002C69DC /* FamJamTests */ = {
			isa = PBXNativeTarget;
			buildConfigurationList = 650E1CA41CCC2F28002C69DC /* Build configuration list for PBXNativeTarget "FamJamTests" */;
			buildPhases = (
				650E1C891CCC2F28002C69DC /* Sources */,
				650E1C8A1CCC2F28002C69DC /* Frameworks */,
				650E1C8B1CCC2F28002C69DC /* Resources */,
			);
			buildRules = (
			);
			dependencies = (
				650E1C8F1CCC2F28002C69DC /* PBXTargetDependency */,
			);
			name = FamJamTests;
			productName = FamJamTests;
			productReference = 650E1C8D1CCC2F28002C69DC /* FamJamTests.xctest */;
			productType = "com.apple.product-type.bundle.unit-test";
		};
		650E1C971CCC2F28002C69DC /* FamJamUITests */ = {
			isa = PBXNativeTarget;
			buildConfigurationList = 650E1CA71CCC2F28002C69DC /* Build configuration list for PBXNativeTarget "FamJamUITests" */;
			buildPhases = (
				650E1C941CCC2F28002C69DC /* Sources */,
				650E1C951CCC2F28002C69DC /* Frameworks */,
				650E1C961CCC2F28002C69DC /* Resources */,
			);
			buildRules = (
			);
			dependencies = (
				650E1C9A1CCC2F28002C69DC /* PBXTargetDependency */,
			);
			name = FamJamUITests;
			productName = FamJamUITests;
			productReference = 650E1C981CCC2F28002C69DC /* FamJamUITests.xctest */;
			productType = "com.apple.product-type.bundle.ui-testing";
		};
/* End PBXNativeTarget section */

/* Begin PBXProject section */
		650E1C6E1CCC2F28002C69DC /* Project object */ = {
			isa = PBXProject;
			attributes = {
				LastSwiftUpdateCheck = 730;
				LastUpgradeCheck = 730;
				ORGANIZATIONNAME = Accord.io;
				TargetAttributes = {
					650E1C751CCC2F28002C69DC = {
						CreatedOnToolsVersion = 7.3;
						DevelopmentTeam = FUTU96J3U9;
					};
					650E1C8C1CCC2F28002C69DC = {
						CreatedOnToolsVersion = 7.3;
						TestTargetID = 650E1C751CCC2F28002C69DC;
					};
					650E1C971CCC2F28002C69DC = {
						CreatedOnToolsVersion = 7.3;
						TestTargetID = 650E1C751CCC2F28002C69DC;
					};
				};
			};
			buildConfigurationList = 650E1C711CCC2F28002C69DC /* Build configuration list for PBXProject "FamJam" */;
			compatibilityVersion = "Xcode 3.2";
			developmentRegion = English;
			hasScannedForEncodings = 0;
			knownRegions = (
				en,
				Base,
			);
			mainGroup = 650E1C6D1CCC2F28002C69DC;
			productRefGroup = 650E1C771CCC2F28002C69DC /* Products */;
			projectDirPath = "";
			projectReferences = (
				{
					ProductGroup = 3395389C1CD0C6AB0094AB46 /* Products */;
					ProjectRef = 3395389B1CD0C6AB0094AB46 /* ART.xcodeproj */;
				},
				{
					ProductGroup = 33F384581CD2122900EF7C8D /* Products */;
					ProjectRef = 33F384521CD2122700EF7C8D /* CodePush.xcodeproj */;
				},
				{
					ProductGroup = 339538A61CD135DB0094AB46 /* Products */;
					ProjectRef = 339538A51CD135DB0094AB46 /* RCTCamera.xcodeproj */;
				},
				{
					ProductGroup = 339538B01CD13E3B0094AB46 /* Products */;
					ProjectRef = 339538AF1CD13E3B0094AB46 /* RNImagePicker.xcodeproj */;
				},
				{
					ProductGroup = 339538BB1CD151830094AB46 /* Products */;
					ProjectRef = 339538BA1CD151830094AB46 /* RNUploader.xcodeproj */;
				},
			);
			projectRoot = "";
			targets = (
				650E1C751CCC2F28002C69DC /* FamJam */,
				650E1C8C1CCC2F28002C69DC /* FamJamTests */,
				650E1C971CCC2F28002C69DC /* FamJamUITests */,
			);
		};
/* End PBXProject section */

/* Begin PBXReferenceProxy section */
		339538A01CD0C6AB0094AB46 /* libART.a */ = {
			isa = PBXReferenceProxy;
			fileType = archive.ar;
			path = libART.a;
			remoteRef = 3395389F1CD0C6AB0094AB46 /* PBXContainerItemProxy */;
			sourceTree = BUILT_PRODUCTS_DIR;
		};
		339538AB1CD135DC0094AB46 /* libRCTCamera.a */ = {
			isa = PBXReferenceProxy;
			fileType = archive.ar;
			path = libRCTCamera.a;
			remoteRef = 339538AA1CD135DC0094AB46 /* PBXContainerItemProxy */;
			sourceTree = BUILT_PRODUCTS_DIR;
		};
		339538B61CD13E3B0094AB46 /* libRNImagePicker.a */ = {
			isa = PBXReferenceProxy;
			fileType = archive.ar;
			path = libRNImagePicker.a;
			remoteRef = 339538B51CD13E3B0094AB46 /* PBXContainerItemProxy */;
			sourceTree = BUILT_PRODUCTS_DIR;
		};
		339538BF1CD151830094AB46 /* libRNUploader.a */ = {
			isa = PBXReferenceProxy;
			fileType = archive.ar;
			path = libRNUploader.a;
			remoteRef = 339538BE1CD151830094AB46 /* PBXContainerItemProxy */;
			sourceTree = BUILT_PRODUCTS_DIR;
		};
		33F3845C1CD2122900EF7C8D /* libCodePush.a */ = {
			isa = PBXReferenceProxy;
			fileType = archive.ar;
			path = libCodePush.a;
			remoteRef = 33F3845B1CD2122900EF7C8D /* PBXContainerItemProxy */;
			sourceTree = BUILT_PRODUCTS_DIR;
		};
/* End PBXReferenceProxy section */

/* Begin PBXResourcesBuildPhase section */
		650E1C741CCC2F28002C69DC /* Resources */ = {
			isa = PBXResourcesBuildPhase;
			buildActionMask = 2147483647;
			files = (
				650E1C871CCC2F28002C69DC /* LaunchScreen.storyboard in Resources */,
				650E1C841CCC2F28002C69DC /* Assets.xcassets in Resources */,
				650E1C7F1CCC2F28002C69DC /* Main.storyboard in Resources */,
			);
			runOnlyForDeploymentPostprocessing = 0;
		};
		650E1C8B1CCC2F28002C69DC /* Resources */ = {
			isa = PBXResourcesBuildPhase;
			buildActionMask = 2147483647;
			files = (
			);
			runOnlyForDeploymentPostprocessing = 0;
		};
		650E1C961CCC2F28002C69DC /* Resources */ = {
			isa = PBXResourcesBuildPhase;
			buildActionMask = 2147483647;
			files = (
			);
			runOnlyForDeploymentPostprocessing = 0;
		};
/* End PBXResourcesBuildPhase section */

/* Begin PBXShellScriptBuildPhase section */
		56B5DC2C18EE00847D751158 /* 📦 Check Pods Manifest.lock */ = {
			isa = PBXShellScriptBuildPhase;
			buildActionMask = 2147483647;
			files = (
			);
			inputPaths = (
			);
			name = "📦 Check Pods Manifest.lock";
			outputPaths = (
			);
			runOnlyForDeploymentPostprocessing = 0;
			shellPath = /bin/sh;
			shellScript = "diff \"${PODS_ROOT}/../Podfile.lock\" \"${PODS_ROOT}/Manifest.lock\" > /dev/null\nif [[ $? != 0 ]] ; then\n    cat << EOM\nerror: The sandbox is not in sync with the Podfile.lock. Run 'pod install' or update your CocoaPods installation.\nEOM\n    exit 1\nfi\n";
			showEnvVarsInLog = 0;
		};
		BD4DE872642663B222A0B824 /* 📦 Copy Pods Resources */ = {
			isa = PBXShellScriptBuildPhase;
			buildActionMask = 2147483647;
			files = (
			);
			inputPaths = (
			);
			name = "📦 Copy Pods Resources";
			outputPaths = (
			);
			runOnlyForDeploymentPostprocessing = 0;
			shellPath = /bin/sh;
			shellScript = "\"${SRCROOT}/Pods/Target Support Files/Pods-FamJam/Pods-FamJam-resources.sh\"\n";
			showEnvVarsInLog = 0;
		};
		E0E8F4AAC89005CF2B6FCC30 /* 📦 Embed Pods Frameworks */ = {
			isa = PBXShellScriptBuildPhase;
			buildActionMask = 2147483647;
			files = (
			);
			inputPaths = (
			);
			name = "📦 Embed Pods Frameworks";
			outputPaths = (
			);
			runOnlyForDeploymentPostprocessing = 0;
			shellPath = /bin/sh;
			shellScript = "\"${SRCROOT}/Pods/Target Support Files/Pods-FamJam/Pods-FamJam-frameworks.sh\"\n";
			showEnvVarsInLog = 0;
		};
/* End PBXShellScriptBuildPhase section */

/* Begin PBXSourcesBuildPhase section */
		650E1C721CCC2F28002C69DC /* Sources */ = {
			isa = PBXSourcesBuildPhase;
			buildActionMask = 2147483647;
			files = (
				3382A0AC1CD9B0AD00C2A3F3 /* Topic.swift in Sources */,
				6546CB071CCD90E400BEEA54 /* HomePageTabBarViewController.swift in Sources */,
				65434D251CCEC3C500B73C60 /* FamilyDashboardViewController.swift in Sources */,
				65FD563D1CD338CC009C9E98 /* NewUserViewController.swift in Sources */,
				650E1C821CCC2F28002C69DC /* FamJam.xcdatamodeld in Sources */,
				3382A0B01CD9B11900C2A3F3 /* User.swift in Sources */,
				6546CB0B1CCD9BB800BEEA54 /* Utilities.swift in Sources */,
				3382A0AE1CD9B0EC00C2A3F3 /* Image.swift in Sources */,
				651D90861CD2E5BB006E8CBB /* AuthenticatedApiService.swift in Sources */,
				6546CB091CCD970100BEEA54 /* AlbumHeaderCollectionReusableView.swift in Sources */,
				65173BE71CCF1AF800F5A028 /* AllPhotosCollectionViewCell.swift in Sources */,
				651D90851CD2E5BB006E8CBB /* AnonymousApiService.swift in Sources */,
				65434D271CCEC6BB00B73C60 /* FamilyTableViewCell.swift in Sources */,
				650E1CB71CCC4615002C69DC /* NewHomePageViewController.swift in Sources */,
				650E1CAD1CCC3109002C69DC /* FrontPageViewController.swift in Sources */,
				65FD56441CD338E7009C9E98 /* EditUserViewController.swift in Sources */,
				3382A0AA1CD9B09D00C2A3F3 /* Family.swift in Sources */,
				33153E191CD6CBFF0012AEF7 /* Colors.swift in Sources */,
				65C4D5671CD46B0000ED8DBC /* NewTopicViewController.swift in Sources */,
				6546CB111CCDAE1D00BEEA54 /* AllPhotosViewController.swift in Sources */,
				650E1C7C1CCC2F28002C69DC /* ViewController.swift in Sources */,
				650E1CB51CCC3AF6002C69DC /* PhotoDetailViewController.swift in Sources */,
				650E1C7A1CCC2F28002C69DC /* AppDelegate.swift in Sources */,
				650E1CB31CCC360C002C69DC /* PhotoCollectionViewCell.swift in Sources */,
				651D90871CD2E5BB006E8CBB /* BaseApiService.swift in Sources */,
				6546CB131CCDAE8600BEEA54 /* SavingPhotoViewController.swift in Sources */,
			);
			runOnlyForDeploymentPostprocessing = 0;
		};
		650E1C891CCC2F28002C69DC /* Sources */ = {
			isa = PBXSourcesBuildPhase;
			buildActionMask = 2147483647;
			files = (
				650E1C921CCC2F28002C69DC /* FamJamTests.swift in Sources */,
			);
			runOnlyForDeploymentPostprocessing = 0;
		};
		650E1C941CCC2F28002C69DC /* Sources */ = {
			isa = PBXSourcesBuildPhase;
			buildActionMask = 2147483647;
			files = (
				650E1C9D1CCC2F28002C69DC /* FamJamUITests.swift in Sources */,
			);
			runOnlyForDeploymentPostprocessing = 0;
		};
/* End PBXSourcesBuildPhase section */

/* Begin PBXTargetDependency section */
		650E1C8F1CCC2F28002C69DC /* PBXTargetDependency */ = {
			isa = PBXTargetDependency;
			target = 650E1C751CCC2F28002C69DC /* FamJam */;
			targetProxy = 650E1C8E1CCC2F28002C69DC /* PBXContainerItemProxy */;
		};
		650E1C9A1CCC2F28002C69DC /* PBXTargetDependency */ = {
			isa = PBXTargetDependency;
			target = 650E1C751CCC2F28002C69DC /* FamJam */;
			targetProxy = 650E1C991CCC2F28002C69DC /* PBXContainerItemProxy */;
		};
/* End PBXTargetDependency section */

/* Begin PBXVariantGroup section */
		650E1C7D1CCC2F28002C69DC /* Main.storyboard */ = {
			isa = PBXVariantGroup;
			children = (
				650E1C7E1CCC2F28002C69DC /* Base */,
			);
			name = Main.storyboard;
			sourceTree = "<group>";
		};
		650E1C851CCC2F28002C69DC /* LaunchScreen.storyboard */ = {
			isa = PBXVariantGroup;
			children = (
				650E1C861CCC2F28002C69DC /* Base */,
			);
			name = LaunchScreen.storyboard;
			sourceTree = "<group>";
		};
/* End PBXVariantGroup section */

/* Begin XCBuildConfiguration section */
		650E1C9F1CCC2F28002C69DC /* Debug */ = {
			isa = XCBuildConfiguration;
			buildSettings = {
				ALWAYS_SEARCH_USER_PATHS = NO;
				CLANG_ANALYZER_NONNULL = YES;
				CLANG_CXX_LANGUAGE_STANDARD = "gnu++0x";
				CLANG_CXX_LIBRARY = "libc++";
				CLANG_ENABLE_MODULES = YES;
				CLANG_ENABLE_OBJC_ARC = YES;
				CLANG_WARN_BOOL_CONVERSION = YES;
				CLANG_WARN_CONSTANT_CONVERSION = YES;
				CLANG_WARN_DIRECT_OBJC_ISA_USAGE = YES_ERROR;
				CLANG_WARN_EMPTY_BODY = YES;
				CLANG_WARN_ENUM_CONVERSION = YES;
				CLANG_WARN_INT_CONVERSION = YES;
				CLANG_WARN_OBJC_ROOT_CLASS = YES_ERROR;
				CLANG_WARN_UNREACHABLE_CODE = YES;
				CLANG_WARN__DUPLICATE_METHOD_MATCH = YES;
				"CODE_SIGN_IDENTITY[sdk=iphoneos*]" = "iPhone Developer";
				COPY_PHASE_STRIP = NO;
				DEBUG_INFORMATION_FORMAT = dwarf;
				ENABLE_STRICT_OBJC_MSGSEND = YES;
				ENABLE_TESTABILITY = YES;
				GCC_C_LANGUAGE_STANDARD = gnu99;
				GCC_DYNAMIC_NO_PIC = NO;
				GCC_NO_COMMON_BLOCKS = YES;
				GCC_OPTIMIZATION_LEVEL = 0;
				GCC_PREPROCESSOR_DEFINITIONS = (
					"DEBUG=1",
					"$(inherited)",
				);
				GCC_WARN_64_TO_32_BIT_CONVERSION = YES;
				GCC_WARN_ABOUT_RETURN_TYPE = YES_ERROR;
				GCC_WARN_UNDECLARED_SELECTOR = YES;
				GCC_WARN_UNINITIALIZED_AUTOS = YES_AGGRESSIVE;
				GCC_WARN_UNUSED_FUNCTION = YES;
				GCC_WARN_UNUSED_VARIABLE = YES;
				IPHONEOS_DEPLOYMENT_TARGET = 9.3;
				MTL_ENABLE_DEBUG_INFO = YES;
				ONLY_ACTIVE_ARCH = YES;
				SDKROOT = iphoneos;
				SWIFT_OPTIMIZATION_LEVEL = "-Onone";
				TARGETED_DEVICE_FAMILY = "1,2";
			};
			name = Debug;
		};
		650E1CA01CCC2F28002C69DC /* Release */ = {
			isa = XCBuildConfiguration;
			buildSettings = {
				ALWAYS_SEARCH_USER_PATHS = NO;
				CLANG_ANALYZER_NONNULL = YES;
				CLANG_CXX_LANGUAGE_STANDARD = "gnu++0x";
				CLANG_CXX_LIBRARY = "libc++";
				CLANG_ENABLE_MODULES = YES;
				CLANG_ENABLE_OBJC_ARC = YES;
				CLANG_WARN_BOOL_CONVERSION = YES;
				CLANG_WARN_CONSTANT_CONVERSION = YES;
				CLANG_WARN_DIRECT_OBJC_ISA_USAGE = YES_ERROR;
				CLANG_WARN_EMPTY_BODY = YES;
				CLANG_WARN_ENUM_CONVERSION = YES;
				CLANG_WARN_INT_CONVERSION = YES;
				CLANG_WARN_OBJC_ROOT_CLASS = YES_ERROR;
				CLANG_WARN_UNREACHABLE_CODE = YES;
				CLANG_WARN__DUPLICATE_METHOD_MATCH = YES;
				"CODE_SIGN_IDENTITY[sdk=iphoneos*]" = "iPhone Developer";
				COPY_PHASE_STRIP = NO;
				DEBUG_INFORMATION_FORMAT = "dwarf-with-dsym";
				ENABLE_NS_ASSERTIONS = NO;
				ENABLE_STRICT_OBJC_MSGSEND = YES;
				GCC_C_LANGUAGE_STANDARD = gnu99;
				GCC_NO_COMMON_BLOCKS = YES;
				GCC_WARN_64_TO_32_BIT_CONVERSION = YES;
				GCC_WARN_ABOUT_RETURN_TYPE = YES_ERROR;
				GCC_WARN_UNDECLARED_SELECTOR = YES;
				GCC_WARN_UNINITIALIZED_AUTOS = YES_AGGRESSIVE;
				GCC_WARN_UNUSED_FUNCTION = YES;
				GCC_WARN_UNUSED_VARIABLE = YES;
				IPHONEOS_DEPLOYMENT_TARGET = 9.3;
				MTL_ENABLE_DEBUG_INFO = NO;
				SDKROOT = iphoneos;
				TARGETED_DEVICE_FAMILY = "1,2";
				VALIDATE_PRODUCT = YES;
			};
			name = Release;
		};
		650E1CA21CCC2F28002C69DC /* Debug */ = {
			isa = XCBuildConfiguration;
			baseConfigurationReference = 3A1476206C6AAB4150E8559C /* Pods-FamJam.debug.xcconfig */;
			buildSettings = {
				ASSETCATALOG_COMPILER_APPICON_NAME = AppIcon;
				CODE_SIGN_IDENTITY = "iPhone Developer";
				"CODE_SIGN_IDENTITY[sdk=iphoneos*]" = "iPhone Developer";
				HEADER_SEARCH_PATHS = (
					"$(SRCROOT)/../node_modules/react-native/React/**",
					"${SRCROOT)/../node_modules/react-native-code-push/**",
				);
				INFOPLIST_FILE = FamJam/Info.plist;
				LD_RUNPATH_SEARCH_PATHS = "$(inherited) @executable_path/Frameworks";
				LIBRARY_SEARCH_PATHS = (
					"$(inherited)",
					"\"$(SRCROOT)/$(TARGET_NAME)\"",
				);
				PRODUCT_BUNDLE_IDENTIFIER = edu.stanford.accord.io.lctan21.FamJam;
				PRODUCT_NAME = "$(TARGET_NAME)";
				PROVISIONING_PROFILE = "";
				SWIFT_OBJC_BRIDGING_HEADER = "${SRCROOT}/FamJam/BridgingHeader.h";
			};
			name = Debug;
		};
		650E1CA31CCC2F28002C69DC /* Release */ = {
			isa = XCBuildConfiguration;
			baseConfigurationReference = 24FADB32D4772F8C0FC94045 /* Pods-FamJam.release.xcconfig */;
			buildSettings = {
				ASSETCATALOG_COMPILER_APPICON_NAME = AppIcon;
				CODE_SIGN_IDENTITY = "iPhone Developer";
				"CODE_SIGN_IDENTITY[sdk=iphoneos*]" = "iPhone Developer";
				HEADER_SEARCH_PATHS = (
					"$(SRCROOT)/../node_modules/react-native/React/**",
					"${SRCROOT)/../node_modules/react-native-code-push/**",
				);
				INFOPLIST_FILE = FamJam/Info.plist;
				LD_RUNPATH_SEARCH_PATHS = "$(inherited) @executable_path/Frameworks";
				LIBRARY_SEARCH_PATHS = (
					"$(inherited)",
					"\"$(SRCROOT)/$(TARGET_NAME)\"",
				);
				PRODUCT_BUNDLE_IDENTIFIER = edu.stanford.accord.io.lctan21.FamJam;
				PRODUCT_NAME = "$(TARGET_NAME)";
				PROVISIONING_PROFILE = "";
				SWIFT_OBJC_BRIDGING_HEADER = "${SRCROOT}/FamJam/BridgingHeader.h";
			};
			name = Release;
		};
		650E1CA51CCC2F28002C69DC /* Debug */ = {
			isa = XCBuildConfiguration;
			buildSettings = {
				BUNDLE_LOADER = "$(TEST_HOST)";
				INFOPLIST_FILE = FamJamTests/Info.plist;
				LD_RUNPATH_SEARCH_PATHS = "$(inherited) @executable_path/Frameworks @loader_path/Frameworks";
				LIBRARY_SEARCH_PATHS = (
					"$(inherited)",
					"\"$(SRCROOT)/$(TARGET_NAME)\"",
				);
				PRODUCT_BUNDLE_IDENTIFIER = edu.stanford.accord.io.lctan21.FamJamTests;
				PRODUCT_NAME = "$(TARGET_NAME)";
				TEST_HOST = "$(BUILT_PRODUCTS_DIR)/FamJam.app/FamJam";
			};
			name = Debug;
		};
		650E1CA61CCC2F28002C69DC /* Release */ = {
			isa = XCBuildConfiguration;
			buildSettings = {
				BUNDLE_LOADER = "$(TEST_HOST)";
				INFOPLIST_FILE = FamJamTests/Info.plist;
				LD_RUNPATH_SEARCH_PATHS = "$(inherited) @executable_path/Frameworks @loader_path/Frameworks";
				LIBRARY_SEARCH_PATHS = (
					"$(inherited)",
					"\"$(SRCROOT)/$(TARGET_NAME)\"",
				);
				PRODUCT_BUNDLE_IDENTIFIER = edu.stanford.accord.io.lctan21.FamJamTests;
				PRODUCT_NAME = "$(TARGET_NAME)";
				TEST_HOST = "$(BUILT_PRODUCTS_DIR)/FamJam.app/FamJam";
			};
			name = Release;
		};
		650E1CA81CCC2F28002C69DC /* Debug */ = {
			isa = XCBuildConfiguration;
			buildSettings = {
				INFOPLIST_FILE = FamJamUITests/Info.plist;
				LD_RUNPATH_SEARCH_PATHS = "$(inherited) @executable_path/Frameworks @loader_path/Frameworks";
				LIBRARY_SEARCH_PATHS = (
					"$(inherited)",
					"\"$(SRCROOT)/$(TARGET_NAME)\"",
				);
				PRODUCT_BUNDLE_IDENTIFIER = edu.stanford.accord.io.lctan21.FamJamUITests;
				PRODUCT_NAME = "$(TARGET_NAME)";
				TEST_TARGET_NAME = FamJam;
			};
			name = Debug;
		};
		650E1CA91CCC2F28002C69DC /* Release */ = {
			isa = XCBuildConfiguration;
			buildSettings = {
				INFOPLIST_FILE = FamJamUITests/Info.plist;
				LD_RUNPATH_SEARCH_PATHS = "$(inherited) @executable_path/Frameworks @loader_path/Frameworks";
				LIBRARY_SEARCH_PATHS = (
					"$(inherited)",
					"\"$(SRCROOT)/$(TARGET_NAME)\"",
				);
				PRODUCT_BUNDLE_IDENTIFIER = edu.stanford.accord.io.lctan21.FamJamUITests;
				PRODUCT_NAME = "$(TARGET_NAME)";
				TEST_TARGET_NAME = FamJam;
			};
			name = Release;
		};
/* End XCBuildConfiguration section */

/* Begin XCConfigurationList section */
		650E1C711CCC2F28002C69DC /* Build configuration list for PBXProject "FamJam" */ = {
			isa = XCConfigurationList;
			buildConfigurations = (
				650E1C9F1CCC2F28002C69DC /* Debug */,
				650E1CA01CCC2F28002C69DC /* Release */,
			);
			defaultConfigurationIsVisible = 0;
			defaultConfigurationName = Release;
		};
		650E1CA11CCC2F28002C69DC /* Build configuration list for PBXNativeTarget "FamJam" */ = {
			isa = XCConfigurationList;
			buildConfigurations = (
				650E1CA21CCC2F28002C69DC /* Debug */,
				650E1CA31CCC2F28002C69DC /* Release */,
			);
			defaultConfigurationIsVisible = 0;
			defaultConfigurationName = Release;
		};
		650E1CA41CCC2F28002C69DC /* Build configuration list for PBXNativeTarget "FamJamTests" */ = {
			isa = XCConfigurationList;
			buildConfigurations = (
				650E1CA51CCC2F28002C69DC /* Debug */,
				650E1CA61CCC2F28002C69DC /* Release */,
			);
			defaultConfigurationIsVisible = 0;
			defaultConfigurationName = Release;
		};
		650E1CA71CCC2F28002C69DC /* Build configuration list for PBXNativeTarget "FamJamUITests" */ = {
			isa = XCConfigurationList;
			buildConfigurations = (
				650E1CA81CCC2F28002C69DC /* Debug */,
				650E1CA91CCC2F28002C69DC /* Release */,
			);
			defaultConfigurationIsVisible = 0;
			defaultConfigurationName = Release;
		};
/* End XCConfigurationList section */

/* Begin XCVersionGroup section */
		650E1C801CCC2F28002C69DC /* FamJam.xcdatamodeld */ = {
			isa = XCVersionGroup;
			children = (
				650E1C811CCC2F28002C69DC /* FamJam.xcdatamodel */,
			);
			currentVersion = 650E1C811CCC2F28002C69DC /* FamJam.xcdatamodel */;
			path = FamJam.xcdatamodeld;
			sourceTree = "<group>";
			versionGroupType = wrapper.xcdatamodel;
		};
/* End XCVersionGroup section */
	};
	rootObject = 650E1C6E1CCC2F28002C69DC /* Project object */;
}
